
Microsoft Visual Studio Solution File, Format Version 12.00
# Visual Studio 14
VisualStudioVersion = 14.0.25420.1
MinimumVisualStudioVersion = 10.0.40219.1
Project("{FAE04EC0-301F-11D3-BF4B-00C04F79EFBC}") = "QuanLyShopQuanAo", "QuanLyShopQuanAo\QuanLyShopQuanAo.csproj", "{FC894866-05D8-46C5-AAD2-5A86186A3B5E}"
EndProject
Project("{FAE04EC0-301F-11D3-BF4B-00C04F79EFBC}") = "ShopModel", "ShopModel\ShopModel.csproj", "{D2EB6795-1911-4BA6-A493-9822AAA4406C}"
EndProject
Project("{FAE04EC0-301F-11D3-BF4B-00C04F79EFBC}") = "ShopController", "ShopController\ShopController.csproj", "{749CEC30-140A-427F-BDF5-8B494C9BF96F}"
EndProject
Project("{FAE04EC0-301F-11D3-BF4B-00C04F79EFBC}") = "ShopView", "ShopView\ShopView.csproj", "{4AFA1BB0-24BA-4FBF-99AB-0003064BC7F3}"
EndProject
Global
	GlobalSection(SolutionConfigurationPlatforms) = preSolution
		Debug|Any CPU = Debug|Any CPU
		Release|Any CPU = Release|Any CPU
	EndGlobalSection
	GlobalSection(ProjectConfigurationPlatforms) = postSolution
		{FC894866-05D8-46C5-AAD2-5A86186A3B5E}.Debug|Any CPU.ActiveCfg = Debug|Any CPU
		{FC894866-05D8-46C5-AAD2-5A86186A3B5E}.Debug|Any CPU.Build.0 = Debug|Any CPU
		{FC894866-05D8-46C5-AAD2-5A86186A3B5E}.Release|Any CPU.ActiveCfg = Release|Any CPU
		{FC894866-05D8-46C5-AAD2-5A86186A3B5E}.Release|Any CPU.Build.0 = Release|Any CPU
		{D2EB6795-1911-4BA6-A493-9822AAA4406C}.Debug|Any CPU.ActiveCfg = Debug|Any CPU
		{D2EB6795-1911-4BA6-A493-9822AAA4406C}.Debug|Any CPU.Build.0 = Debug|Any CPU
		{D2EB6795-1911-4BA6-A493-9822AAA4406C}.Release|Any CPU.ActiveCfg = Release|Any CPU
		{D2EB6795-1911-4BA6-A493-9822AAA4406C}.Release|Any CPU.Build.0 = Release|Any CPU
		{749CEC30-140A-427F-BDF5-8B494C9BF96F}.Debug|Any CPU.ActiveCfg = Debug|Any CPU
		{749CEC30-140A-427F-BDF5-8B494C9BF96F}.Debug|Any CPU.Build.0 = Debug|Any CPU
		{749CEC30-140A-427F-BDF5-8B494C9BF96F}.Release|Any CPU.ActiveCfg = Release|Any CPU
		{749CEC30-140A-427F-BDF5-8B494C9BF96F}.Release|Any CPU.Build.0 = Release|Any CPU
		{4AFA1BB0-24BA-4FBF-99AB-0003064BC7F3}.Debug|Any CPU.ActiveCfg = Debug|Any CPU
		{4AFA1BB0-24BA-4FBF-99AB-0003064BC7F3}.Debug|Any CPU.Build.0 = Debug|Any CPU
		{4AFA1BB0-24BA-4FBF-99AB-0003064BC7F3}.Release|Any CPU.ActiveCfg = Release|Any CPU
		{4AFA1BB0-24BA-4FBF-99AB-0003064BC7F3}.Release|Any CPU.Build.0 = Release|Any CPU
	EndGlobalSection
	GlobalSection(SolutionProperties) = preSolution
		HideSolutionNode = FALSE
	EndGlobalSection
EndGlobal
